
Microsoft Visual Studio Solution File, Format Version 12.00
# Visual Studio 15
VisualStudioVersion = 15.0.28307.1433
MinimumVisualStudioVersion = 10.0.40219.1
Project("{FAE04EC0-301F-11D3-BF4B-00C04F79EFBC}") = "VTS-Management", "VTS-Management\VTS-Management.csproj", "{4E62588B-2816-45ED-B72D-0D12BAC59544}"
EndProject
Global
	GlobalSection(SolutionConfigurationPlatforms) = preSolution
		Debug|Any CPU = Debug|Any CPU
		Release|Any CPU = Release|Any CPU
	EndGlobalSection
	GlobalSection(ProjectConfigurationPlatforms) = postSolution
		{4E62588B-2816-45ED-B72D-0D12BAC59544}.Debug|Any CPU.ActiveCfg = Debug|Any CPU
		{4E62588B-2816-45ED-B72D-0D12BAC59544}.Debug|Any CPU.Build.0 = Debug|Any CPU
		{4E62588B-2816-45ED-B72D-0D12BAC59544}.Release|Any CPU.ActiveCfg = Release|Any CPU
		{4E62588B-2816-45ED-B72D-0D12BAC59544}.Release|Any CPU.Build.0 = Release|Any CPU
	EndGlobalSection
	GlobalSection(SolutionProperties) = preSolution
		HideSolutionNode = FALSE
	EndGlobalSection
	GlobalSection(ExtensibilityGlobals) = postSolution
		SolutionGuid = {153941C9-1B82-4946-BC0E-1FCD064EBA0E}
	EndGlobalSection
EndGlobal
